// !$*UTF8*$!
{
	archiveVersion = 1;
	classes = {
	};
	objectVersion = 50;
	objects = {

/* Begin PBXBuildFile section */
		CE6B455525F56DD000B00A80 /* AppDelegate.swift in Sources */ = {isa = PBXBuildFile; fileRef = CE6B455425F56DD000B00A80 /* AppDelegate.swift */; };
		CE6B455725F56DD000B00A80 /* ViewController.swift in Sources */ = {isa = PBXBuildFile; fileRef = CE6B455625F56DD000B00A80 /* ViewController.swift */; };
		CE6B455A25F56DD000B00A80 /* Main.storyboard in Resources */ = {isa = PBXBuildFile; fileRef = CE6B455825F56DD000B00A80 /* Main.storyboard */; };
		CE6B455C25F56DD600B00A80 /* Assets.xcassets in Resources */ = {isa = PBXBuildFile; fileRef = CE6B455B25F56DD600B00A80 /* Assets.xcassets */; };
		CE6B455F25F56DD600B00A80 /* LaunchScreen.storyboard in Resources */ = {isa = PBXBuildFile; fileRef = CE6B455D25F56DD600B00A80 /* LaunchScreen.storyboard */; };
		CE6B456725F58F8500B00A80 /* homeViewController.swift in Sources */ = {isa = PBXBuildFile; fileRef = CE6B456625F58F8500B00A80 /* homeViewController.swift */; };
		CE6B456925F58FF500B00A80 /* mapaViewController.swift in Sources */ = {isa = PBXBuildFile; fileRef = CE6B456825F58FF500B00A80 /* mapaViewController.swift */; };
		CEF0A82825F69CF10013B7C8 /* camaraViewController.swift in Sources */ = {isa = PBXBuildFile; fileRef = CEF0A82725F69CF10013B7C8 /* camaraViewController.swift */; };
		CEF0A82A25F69D3E0013B7C8 /* registroViewController.swift in Sources */ = {isa = PBXBuildFile; fileRef = CEF0A82925F69D3E0013B7C8 /* registroViewController.swift */; };
		CEF0A82C25F6A01C0013B7C8 /* user.swift in Sources */ = {isa = PBXBuildFile; fileRef = CEF0A82B25F6A01C0013B7C8 /* user.swift */; };
/* End PBXBuildFile section */

/* Begin PBXFileReference section */
		CE6B455125F56DD000B00A80 /* evolution.app */ = {isa = PBXFileReference; explicitFileType = wrapper.application; includeInIndex = 0; path = evolution.app; sourceTree = BUILT_PRODUCTS_DIR; };
		CE6B455425F56DD000B00A80 /* AppDelegate.swift */ = {isa = PBXFileReference; lastKnownFileType = sourcecode.swift; path = AppDelegate.swift; sourceTree = "<group>"; };
		CE6B455625F56DD000B00A80 /* ViewController.swift */ = {isa = PBXFileReference; lastKnownFileType = sourcecode.swift; path = ViewController.swift; sourceTree = "<group>"; };
		CE6B455925F56DD000B00A80 /* Base */ = {isa = PBXFileReference; lastKnownFileType = file.storyboard; name = Base; path = Base.lproj/Main.storyboard; sourceTree = "<group>"; };
		CE6B455B25F56DD600B00A80 /* Assets.xcassets */ = {isa = PBXFileReference; lastKnownFileType = folder.assetcatalog; path = Assets.xcassets; sourceTree = "<group>"; };
		CE6B455E25F56DD600B00A80 /* Base */ = {isa = PBXFileReference; lastKnownFileType = file.storyboard; name = Base; path = Base.lproj/LaunchScreen.storyboard; sourceTree = "<group>"; };
		CE6B456025F56DD600B00A80 /* Info.plist */ = {isa = PBXFileReference; lastKnownFileType = text.plist.xml; path = Info.plist; sourceTree = "<group>"; };
		CE6B456625F58F8500B00A80 /* homeViewController.swift */ = {isa = PBXFileReference; lastKnownFileType = sourcecode.swift; path = homeViewController.swift; sourceTree = "<group>"; };
		CE6B456825F58FF500B00A80 /* mapaViewController.swift */ = {isa = PBXFileReference; lastKnownFileType = sourcecode.swift; path = mapaViewController.swift; sourceTree = "<group>"; };
		CEF0A82725F69CF10013B7C8 /* camaraViewController.swift */ = {isa = PBXFileReference; lastKnownFileType = sourcecode.swift; path = camaraViewController.swift; sourceTree = "<group>"; };
		CEF0A82925F69D3E0013B7C8 /* registroViewController.swift */ = {isa = PBXFileReference; lastKnownFileType = sourcecode.swift; path = registroViewController.swift; sourceTree = "<group>"; };
		CEF0A82B25F6A01C0013B7C8 /* user.swift */ = {isa = PBXFileReference; lastKnownFileType = sourcecode.swift; path = user.swift; sourceTree = "<group>"; };
/* End PBXFileReference section */

/* Begin PBXFrameworksBuildPhase section */
		CE6B454E25F56DD000B00A80 /* Frameworks */ = {
			isa = PBXFrameworksBuildPhase;
			buildActionMask = 2147483647;
			files = (
			);
			runOnlyForDeploymentPostprocessing = 0;
		};
/* End PBXFrameworksBuildPhase section */

/* Begin PBXGroup section */
		CE6B454825F56DD000B00A80 = {
			isa = PBXGroup;
			children = (
				CE6B455325F56DD000B00A80 /* evolution */,
				CE6B455225F56DD000B00A80 /* Products */,
			);
			sourceTree = "<group>";
		};
		CE6B455225F56DD000B00A80 /* Products */ = {
			isa = PBXGroup;
			children = (
				CE6B455125F56DD000B00A80 /* evolution.app */,
			);
			name = Products;
			sourceTree = "<group>";
		};
		CE6B455325F56DD000B00A80 /* evolution */ = {
			isa = PBXGroup;
			children = (
				CE6B455425F56DD000B00A80 /* AppDelegate.swift */,
				CE6B455625F56DD000B00A80 /* ViewController.swift */,
				CE6B455825F56DD000B00A80 /* Main.storyboard */,
				CE6B455B25F56DD600B00A80 /* Assets.xcassets */,
				CE6B455D25F56DD600B00A80 /* LaunchScreen.storyboard */,
				CE6B456025F56DD600B00A80 /* Info.plist */,
				CE6B456625F58F8500B00A80 /* homeViewController.swift */,
				CE6B456825F58FF500B00A80 /* mapaViewController.swift */,
				CEF0A82725F69CF10013B7C8 /* camaraViewController.swift */,
				CEF0A82925F69D3E0013B7C8 /* registroViewController.swift */,
				CEF0A82B25F6A01C0013B7C8 /* user.swift */,
			);
			path = evolution;
			sourceTree = "<group>";
		};
/* End PBXGroup section */

/* Begin PBXNativeTarget section */
		CE6B455025F56DD000B00A80 /* evolution */ = {
			isa = PBXNativeTarget;
			buildConfigurationList = CE6B456325F56DD600B00A80 /* Build configuration list for PBXNativeTarget "evolution" */;
			buildPhases = (
				CE6B454D25F56DD000B00A80 /* Sources */,
				CE6B454E25F56DD000B00A80 /* Frameworks */,
				CE6B454F25F56DD000B00A80 /* Resources */,
			);
			buildRules = (
			);
			dependencies = (
			);
			name = evolution;
			productName = evolution;
			productReference = CE6B455125F56DD000B00A80 /* evolution.app */;
			productType = "com.apple.product-type.application";
		};
/* End PBXNativeTarget section */

/* Begin PBXProject section */
		CE6B454925F56DD000B00A80 /* Project object */ = {
			isa = PBXProject;
			attributes = {
				LastSwiftUpdateCheck = 1010;
				LastUpgradeCheck = 1010;
				ORGANIZATIONNAME = "Arturo Lopez";
				TargetAttributes = {
					CE6B455025F56DD000B00A80 = {
						CreatedOnToolsVersion = 10.1;
					};
				};
			};
			buildConfigurationList = CE6B454C25F56DD000B00A80 /* Build configuration list for PBXProject "evolution" */;
			compatibilityVersion = "Xcode 9.3";
			developmentRegion = en;
			hasScannedForEncodings = 0;
			knownRegions = (
				en,
				Base,
			);
			mainGroup = CE6B454825F56DD000B00A80;
			productRefGroup = CE6B455225F56DD000B00A80 /* Products */;
			projectDirPath = "";
			projectRoot = "";
			targets = (
				CE6B455025F56DD000B00A80 /* evolution */,
			);
		};
/* End PBXProject section */

/* Begin PBXResourcesBuildPhase section */
		CE6B454F25F56DD000B00A80 /* Resources */ = {
			isa = PBXResourcesBuildPhase;
			buildActionMask = 2147483647;
			files = (
				CE6B455F25F56DD600B00A80 /* LaunchScreen.storyboard in Resources */,
				CE6B455C25F56DD600B00A80 /* Assets.xcassets in Resources */,
				CE6B455A25F56DD000B00A80 /* Main.storyboard in Resources */,
			);
			runOnlyForDeploymentPostprocessing = 0;
		};
/* End PBXResourcesBuildPhase section */

/* Begin PBXSourcesBuildPhase section */
		CE6B454D25F56DD000B00A80 /* Sources */ = {
			isa = PBXSourcesBuildPhase;
			buildActionMask = 2147483647;
			files = (
				CE6B455725F56DD000B00A80 /* ViewController.swift in Sources */,
				CEF0A82825F69CF10013B7C8 /* camaraViewController.swift in Sources */,
				CE6B456925F58FF500B00A80 /* mapaViewController.swift in Sources */,
				CE6B456725F58F8500B00A80 /* homeViewController.swift in Sources */,
				CEF0A82C25F6A01C0013B7C8 /* user.swift in Sources */,
				CE6B455525F56DD000B00A80 /* AppDelegate.swift in Sources */,
				CEF0A82A25F69D3E0013B7C8 /* registroViewController.swift in Sources */,
			);
			runOnlyForDeploymentPostprocessing = 0;
		};
/* End PBXSourcesBuildPhase section */

/* Begin PBXVariantGroup section */
		CE6B455825F56DD000B00A80 /* Main.storyboard */ = {
			isa = PBXVariantGroup;
			children = (
				CE6B455925F56DD000B00A80 /* Base */,
			);
			name = Main.storyboard;
			sourceTree = "<group>";
		};
		CE6B455D25F56DD600B00A80 /* LaunchScreen.storyboard */ = {
			isa = PBXVariantGroup;
			children = (
				CE6B455E25F56DD600B00A80 /* Base */,
			);
			name = LaunchScreen.storyboard;
			sourceTree = "<group>";
		};
/* End PBXVariantGroup section */

/* Begin XCBuildConfiguration section */
		CE6B456125F56DD600B00A80 /* Debug */ = {
			isa = XCBuildConfiguration;
			buildSettings = {
				ALWAYS_SEARCH_USER_PATHS = NO;
				CLANG_ANALYZER_NONNULL = YES;
				CLANG_ANALYZER_NUMBER_OBJECT_CONVERSION = YES_AGGRESSIVE;
				CLANG_CXX_LANGUAGE_STANDARD = "gnu++14";
				CLANG_CXX_LIBRARY = "libc++";
				CLANG_ENABLE_MODULES = YES;
				CLANG_ENABLE_OBJC_ARC = YES;
				CLANG_ENABLE_OBJC_WEAK = YES;
				CLANG_WARN_BLOCK_CAPTURE_AUTORELEASING = YES;
				CLANG_WARN_BOOL_CONVERSION = YES;
				CLANG_WARN_COMMA = YES;
				CLANG_WARN_CONSTANT_CONVERSION = YES;
				CLANG_WARN_DEPRECATED_OBJC_IMPLEMENTATIONS = YES;
				CLANG_WARN_DIRECT_OBJC_ISA_USAGE = YES_ERROR;
				CLANG_WARN_DOCUMENTATION_COMMENTS = YES;
				CLANG_WARN_EMPTY_BODY = YES;
				CLANG_WARN_ENUM_CONVERSION = YES;
				CLANG_WARN_INFINITE_RECURSION = YES;
				CLANG_WARN_INT_CONVERSION = YES;
				CLANG_WARN_NON_LITERAL_NULL_CONVERSION = YES;
				CLANG_WARN_OBJC_IMPLICIT_RETAIN_SELF = YES;
				CLANG_WARN_OBJC_LITERAL_CONVERSION = YES;
				CLANG_WARN_OBJC_ROOT_CLASS = YES_ERROR;
				CLANG_WARN_RANGE_LOOP_ANALYSIS = YES;
				CLANG_WARN_STRICT_PROTOTYPES = YES;
				CLANG_WARN_SUSPICIOUS_MOVE = YES;
				CLANG_WARN_UNGUARDED_AVAILABILITY = YES_AGGRESSIVE;
				CLANG_WARN_UNREACHABLE_CODE = YES;
				CLANG_WARN__DUPLICATE_METHOD_MATCH = YES;
				CODE_SIGN_IDENTITY = "iPhone Developer";
				COPY_PHASE_STRIP = NO;
				DEBUG_INFORMATION_FORMAT = dwarf;
				ENABLE_STRICT_OBJC_MSGSEND = YES;
				ENABLE_TESTABILITY = YES;
				GCC_C_LANGUAGE_STANDARD = gnu11;
				GCC_DYNAMIC_NO_PIC = NO;
				GCC_NO_COMMON_BLOCKS = YES;
				GCC_OPTIMIZATION_LEVEL = 0;
				GCC_PREPROCESSOR_DEFINITIONS = (
					"DEBUG=1",
					"$(inherited)",
				);
				GCC_WARN_64_TO_32_BIT_CONVERSION = YES;
				GCC_WARN_ABOUT_RETURN_TYPE = YES_ERROR;
				GCC_WARN_UNDECLARED_SELECTOR = YES;
				GCC_WARN_UNINITIALIZED_AUTOS = YES_AGGRESSIVE;
				GCC_WARN_UNUSED_FUNCTION = YES;
				GCC_WARN_UNUSED_VARIABLE = YES;
				IPHONEOS_DEPLOYMENT_TARGET = 12.1;
				MTL_ENABLE_DEBUG_INFO = INCLUDE_SOURCE;
				MTL_FAST_MATH = YES;
				ONLY_ACTIVE_ARCH = YES;
				SDKROOT = iphoneos;
				SWIFT_ACTIVE_COMPILATION_CONDITIONS = DEBUG;
				SWIFT_OPTIMIZATION_LEVEL = "-Onone";
			};
			name = Debug;
		};
		CE6B456225F56DD600B00A80 /* Release */ = {
			isa = XCBuildConfiguration;
			buildSettings = {
				ALWAYS_SEARCH_USER_PATHS = NO;
				CLANG_ANALYZER_NONNULL = YES;
				CLANG_ANALYZER_NUMBER_OBJECT_CONVERSION = YES_AGGRESSIVE;
				CLANG_CXX_LANGUAGE_STANDARD = "gnu++14";
				CLANG_CXX_LIBRARY = "libc++";
				CLANG_ENABLE_MODULES = YES;
				CLANG_ENABLE_OBJC_ARC = YES;
				CLANG_ENABLE_OBJC_WEAK = YES;
				CLANG_WARN_BLOCK_CAPTURE_AUTORELEASING = YES;
				CLANG_WARN_BOOL_CONVERSION = YES;
				CLANG_WARN_COMMA = YES;
				CLANG_WARN_CONSTANT_CONVERSION = YES;
				CLANG_WARN_DEPRECATED_OBJC_IMPLEMENTATIONS = YES;
				CLANG_WARN_DIRECT_OBJC_ISA_USAGE = YES_ERROR;
				CLANG_WARN_DOCUMENTATION_COMMENTS = YES;
				CLANG_WARN_EMPTY_BODY = YES;
				CLANG_WARN_ENUM_CONVERSION = YES;
				CLANG_WARN_INFINITE_RECURSION = YES;
				CLANG_WARN_INT_CONVERSION = YES;
				CLANG_WARN_NON_LITERAL_NULL_CONVERSION = YES;
				CLANG_WARN_OBJC_IMPLICIT_RETAIN_SELF = YES;
				CLANG_WARN_OBJC_LITERAL_CONVERSION = YES;
				CLANG_WARN_OBJC_ROOT_CLASS = YES_ERROR;
				CLANG_WARN_RANGE_LOOP_ANALYSIS = YES;
				CLANG_WARN_STRICT_PROTOTYPES = YES;
				CLANG_WARN_SUSPICIOUS_MOVE = YES;
				CLANG_WARN_UNGUARDED_AVAILABILITY = YES_AGGRESSIVE;
				CLANG_WARN_UNREACHABLE_CODE = YES;
				CLANG_WARN__DUPLICATE_METHOD_MATCH = YES;
				CODE_SIGN_IDENTITY = "iPhone Developer";
				COPY_PHASE_STRIP = NO;
				DEBUG_INFORMATION_FORMAT = "dwarf-with-dsym";
				ENABLE_NS_ASSERTIONS = NO;
				ENABLE_STRICT_OBJC_MSGSEND = YES;
				GCC_C_LANGUAGE_STANDARD = gnu11;
				GCC_NO_COMMON_BLOCKS = YES;
				GCC_WARN_64_TO_32_BIT_CONVERSION = YES;
				GCC_WARN_ABOUT_RETURN_TYPE = YES_ERROR;
				GCC_WARN_UNDECLARED_SELECTOR = YES;
				GCC_WARN_UNINITIALIZED_AUTOS = YES_AGGRESSIVE;
				GCC_WARN_UNUSED_FUNCTION = YES;
				GCC_WARN_UNUSED_VARIABLE = YES;
				IPHONEOS_DEPLOYMENT_TARGET = 12.1;
				MTL_ENABLE_DEBUG_INFO = NO;
				MTL_FAST_MATH = YES;
				SDKROOT = iphoneos;
				SWIFT_COMPILATION_MODE = wholemodule;
				SWIFT_OPTIMIZATION_LEVEL = "-O";
				VALIDATE_PRODUCT = YES;
			};
			name = Release;
		};
		CE6B456425F56DD600B00A80 /* Debug */ = {
			isa = XCBuildConfiguration;
			buildSettings = {
				ASSETCATALOG_COMPILER_APPICON_NAME = AppIcon;
				CODE_SIGN_STYLE = Automatic;
				INFOPLIST_FILE = evolution/Info.plist;
				LD_RUNPATH_SEARCH_PATHS = (
					"$(inherited)",
					"@executable_path/Frameworks",
				);
				PRODUCT_BUNDLE_IDENTIFIER = com.aplicacionArturo.evolution;
				PRODUCT_NAME = "$(TARGET_NAME)";
				SWIFT_VERSION = 4.2;
				TARGETED_DEVICE_FAMILY = "1,2";
			};
			name = Debug;
		};
		CE6B456525F56DD600B00A80 /* Release */ = {
			isa = XCBuildConfiguration;
			buildSettings = {
				ASSETCATALOG_COMPILER_APPICON_NAME = AppIcon;
				CODE_SIGN_STYLE = Automatic;
				INFOPLIST_FILE = evolution/Info.plist;
				LD_RUNPATH_SEARCH_PATHS = (
					"$(inherited)",
					"@executable_path/Frameworks",
				);
				PRODUCT_BUNDLE_IDENTIFIER = com.aplicacionArturo.evolution;
				PRODUCT_NAME = "$(TARGET_NAME)";
				SWIFT_VERSION = 4.2;
				TARGETED_DEVICE_FAMILY = "1,2";
			};
			name = Release;
		};
/* End XCBuildConfiguration section */

/* Begin XCConfigurationList section */
		CE6B454C25F56DD000B00A80 /* Build configuration list for PBXProject "evolution" */ = {
			isa = XCConfigurationList;
			buildConfigurations = (
				CE6B456125F56DD600B00A80 /* Debug */,
				CE6B456225F56DD600B00A80 /* Release */,
			);
			defaultConfigurationIsVisible = 0;
			defaultConfigurationName = Release;
		};
		CE6B456325F56DD600B00A80 /* Build configuration list for PBXNativeTarget "evolution" */ = {
			isa = XCConfigurationList;
			buildConfigurations = (
				CE6B456425F56DD600B00A80 /* Debug */,
				CE6B456525F56DD600B00A80 /* Release */,
			);
			defaultConfigurationIsVisible = 0;
			defaultConfigurationName = Release;
		};
/* End XCConfigurationList section */
	};
	rootObject = CE6B454925F56DD000B00A80 /* Project object */;
}
